
Microsoft Visual Studio Solution File, Format Version 12.00
Project("{FAE04EC0-301F-11D3-BF4B-00C04F79EFBC}") = "Mission 5 Assignment_Noah_Blake", "Mission 5 Assignment_Noah_Blake\Mission 5 Assignment_Noah_Blake.csproj", "{C49668BE-A498-4BF4-A32E-4BA10F0804A5}"
EndProject
Global
	GlobalSection(SolutionConfigurationPlatforms) = preSolution
		Debug|Any CPU = Debug|Any CPU
		Release|Any CPU = Release|Any CPU
	EndGlobalSection
	GlobalSection(ProjectConfigurationPlatforms) = postSolution
		{C49668BE-A498-4BF4-A32E-4BA10F0804A5}.Debug|Any CPU.ActiveCfg = Debug|Any CPU
		{C49668BE-A498-4BF4-A32E-4BA10F0804A5}.Debug|Any CPU.Build.0 = Debug|Any CPU
		{C49668BE-A498-4BF4-A32E-4BA10F0804A5}.Release|Any CPU.ActiveCfg = Release|Any CPU
		{C49668BE-A498-4BF4-A32E-4BA10F0804A5}.Release|Any CPU.Build.0 = Release|Any CPU
	EndGlobalSection
EndGlobal
